{
  "name": "hexschool-html-css-final",
  "version": "1.0.0",
  "lockfileVersion": 1,
  "requires": true,
  "dependencies": {
    "dom7": {
      "version": "4.0.4",
      "resolved": "https://registry.npmjs.org/dom7/-/dom7-4.0.4.tgz",
      "integrity": "sha512-DSSgBzQ4rJWQp1u6o+3FVwMNnT5bzQbMb+o31TjYYeRi05uAcpF8koxdfzeoe5ElzPmua7W7N28YJhF7iEKqIw==",
      "requires": {
        "ssr-window": "^4.0.0"
      }
    },
    "jquery": {
      "version": "3.6.0",
      "resolved": "https://registry.npmjs.org/jquery/-/jquery-3.6.0.tgz",
      "integrity": "sha512-JVzAR/AjBvVt2BmYhxRCSYysDsPcssdmTFnzyLEts9qNwmjmu4JTAMYubEfwVOSwpQ1I1sKKFcxhZCI2buerfw=="
    },
    "lightbox2": {
      "version": "2.11.3",
      "resolved": "https://registry.npmjs.org/lightbox2/-/lightbox2-2.11.3.tgz",
      "integrity": "sha512-Q4v6il/OK9ttgEkAxSok/jrI/LUbqTrePFchqP2x/59qaDIZgJjEEc5Xf7peSMc/55Zo5PAgmX6EiN/BeEeUBQ=="
    },
    "ssr-window": {
      "version": "4.0.2",
      "resolved": "https://registry.npmjs.org/ssr-window/-/ssr-window-4.0.2.tgz",
      "integrity": "sha512-ISv/Ch+ig7SOtw7G2+qkwfVASzazUnvlDTwypdLoPoySv+6MqlOV10VwPSE6EWkGjhW50lUmghPmpYZXMu/+AQ=="
    },
    "swiper": {
      "version": "8.1.1",
      "resolved": "https://registry.npmjs.org/swiper/-/swiper-8.1.1.tgz",
      "integrity": "sha512-Ypx0K79en1Y5EcTy4ArR6E9EP/OwMMY2K0gawl/P27B5PYRiHedFdbdgfyuOFuxSUKsMoSVqFdmKs3DPXYHTdQ==",
      "requires": {
        "dom7": "^4.0.4",
        "ssr-window": "^4.0.2"
      }
    }
  }
}
